
Microsoft Visual Studio Solution File, Format Version 12.00
Project("{FAE04EC0-301F-11D3-BF4B-00C04F79EFBC}") = "TaskScheduler", "TaskScheduler\TaskScheduler.csproj", "{56F7B6F1-E2DA-43B2-A926-C20986ABD531}"
EndProject
Global
	GlobalSection(SolutionConfigurationPlatforms) = preSolution
		Debug|Any CPU = Debug|Any CPU
		Release|Any CPU = Release|Any CPU
	EndGlobalSection
	GlobalSection(ProjectConfigurationPlatforms) = postSolution
		{56F7B6F1-E2DA-43B2-A926-C20986ABD531}.Debug|Any CPU.ActiveCfg = Debug|Any CPU
		{56F7B6F1-E2DA-43B2-A926-C20986ABD531}.Debug|Any CPU.Build.0 = Debug|Any CPU
		{56F7B6F1-E2DA-43B2-A926-C20986ABD531}.Release|Any CPU.ActiveCfg = Release|Any CPU
		{56F7B6F1-E2DA-43B2-A926-C20986ABD531}.Release|Any CPU.Build.0 = Release|Any CPU
	EndGlobalSection
EndGlobal
